
Microsoft Visual Studio Solution File, Format Version 12.00
# Visual Studio Version 17
VisualStudioVersion = 17.5.33502.453
MinimumVisualStudioVersion = 10.0.40219.1
Project("{9A19103F-16F7-4668-BE54-9A1E7A4F7556}") = "Rebus.nng", "Rebus.nng\Rebus.nng.csproj", "{17B44EBA-6916-4B50-978B-AEEEBBC5077D}"
EndProject
Project("{9A19103F-16F7-4668-BE54-9A1E7A4F7556}") = "Rebus.nng.TestConsole", "Rebus.nng.TestConsole\Rebus.nng.TestConsole.csproj", "{BCC0D579-1E0D-4D6C-A366-74E074F82745}"
EndProject
Global
	GlobalSection(SolutionConfigurationPlatforms) = preSolution
		Debug|Any CPU = Debug|Any CPU
		Release|Any CPU = Release|Any CPU
	EndGlobalSection
	GlobalSection(ProjectConfigurationPlatforms) = postSolution
		{17B44EBA-6916-4B50-978B-AEEEBBC5077D}.Debug|Any CPU.ActiveCfg = Debug|Any CPU
		{17B44EBA-6916-4B50-978B-AEEEBBC5077D}.Debug|Any CPU.Build.0 = Debug|Any CPU
		{17B44EBA-6916-4B50-978B-AEEEBBC5077D}.Release|Any CPU.ActiveCfg = Release|Any CPU
		{17B44EBA-6916-4B50-978B-AEEEBBC5077D}.Release|Any CPU.Build.0 = Release|Any CPU
		{BCC0D579-1E0D-4D6C-A366-74E074F82745}.Debug|Any CPU.ActiveCfg = Debug|Any CPU
		{BCC0D579-1E0D-4D6C-A366-74E074F82745}.Debug|Any CPU.Build.0 = Debug|Any CPU
		{BCC0D579-1E0D-4D6C-A366-74E074F82745}.Release|Any CPU.ActiveCfg = Release|Any CPU
		{BCC0D579-1E0D-4D6C-A366-74E074F82745}.Release|Any CPU.Build.0 = Release|Any CPU
	EndGlobalSection
	GlobalSection(SolutionProperties) = preSolution
		HideSolutionNode = FALSE
	EndGlobalSection
	GlobalSection(ExtensibilityGlobals) = postSolution
		SolutionGuid = {C06E2A1C-C584-423E-9E72-2102B788AAE3}
	EndGlobalSection
EndGlobal
